
Microsoft Visual Studio Solution File, Format Version 12.00
# Visual Studio Version 16
VisualStudioVersion = 16.0.32126.315
MinimumVisualStudioVersion = 10.0.40219.1
Project("{9A19103F-16F7-4668-BE54-9A1E7A4F7556}") = "fwv", "fwv\fwv.csproj", "{83C096EF-6B2C-4C12-B557-A20C3AD904A8}"
EndProject
Global
	GlobalSection(SolutionConfigurationPlatforms) = preSolution
		Debug|Any CPU = Debug|Any CPU
		Release|Any CPU = Release|Any CPU
	EndGlobalSection
	GlobalSection(ProjectConfigurationPlatforms) = postSolution
		{83C096EF-6B2C-4C12-B557-A20C3AD904A8}.Debug|Any CPU.ActiveCfg = Debug|Any CPU
		{83C096EF-6B2C-4C12-B557-A20C3AD904A8}.Debug|Any CPU.Build.0 = Debug|Any CPU
		{83C096EF-6B2C-4C12-B557-A20C3AD904A8}.Release|Any CPU.ActiveCfg = Release|Any CPU
		{83C096EF-6B2C-4C12-B557-A20C3AD904A8}.Release|Any CPU.Build.0 = Release|Any CPU
	EndGlobalSection
	GlobalSection(SolutionProperties) = preSolution
		HideSolutionNode = FALSE
	EndGlobalSection
	GlobalSection(ExtensibilityGlobals) = postSolution
		SolutionGuid = {0931C9E9-5739-494A-AD29-D5644A053AFE}
	EndGlobalSection
EndGlobal
